
Microsoft Visual Studio Solution File, Format Version 12.00
# Visual Studio Version 17
VisualStudioVersion = 17.12.35521.163 d17.12
MinimumVisualStudioVersion = 10.0.40219.1
Project("{FAE04EC0-301F-11D3-BF4B-00C04F79EFBC}") = "WebUI", "WebUI\WebUI.csproj", "{9F79916F-1A9F-4A42-BD89-AF121A5C3735}"
EndProject
Project("{FAE04EC0-301F-11D3-BF4B-00C04F79EFBC}") = "Application", "Application\Application.csproj", "{B9F783E1-4C76-43E1-B527-5EBC118DC391}"
EndProject
Project("{FAE04EC0-301F-11D3-BF4B-00C04F79EFBC}") = "Domain", "Domain\Domain.csproj", "{CCD380E0-093A-4414-AFF4-9313E1279FDF}"
EndProject
Project("{FAE04EC0-301F-11D3-BF4B-00C04F79EFBC}") = "Infrastructure", "Infrastructure\Infrastructure.csproj", "{75D772ED-0312-4C59-852F-71079F328F7F}"
EndProject
Global
	GlobalSection(SolutionConfigurationPlatforms) = preSolution
		Debug|Any CPU = Debug|Any CPU
		Release|Any CPU = Release|Any CPU
	EndGlobalSection
	GlobalSection(ProjectConfigurationPlatforms) = postSolution
		{9F79916F-1A9F-4A42-BD89-AF121A5C3735}.Debug|Any CPU.ActiveCfg = Debug|Any CPU
		{9F79916F-1A9F-4A42-BD89-AF121A5C3735}.Debug|Any CPU.Build.0 = Debug|Any CPU
		{9F79916F-1A9F-4A42-BD89-AF121A5C3735}.Release|Any CPU.ActiveCfg = Release|Any CPU
		{9F79916F-1A9F-4A42-BD89-AF121A5C3735}.Release|Any CPU.Build.0 = Release|Any CPU
		{B9F783E1-4C76-43E1-B527-5EBC118DC391}.Debug|Any CPU.ActiveCfg = Debug|Any CPU
		{B9F783E1-4C76-43E1-B527-5EBC118DC391}.Debug|Any CPU.Build.0 = Debug|Any CPU
		{B9F783E1-4C76-43E1-B527-5EBC118DC391}.Release|Any CPU.ActiveCfg = Release|Any CPU
		{B9F783E1-4C76-43E1-B527-5EBC118DC391}.Release|Any CPU.Build.0 = Release|Any CPU
		{CCD380E0-093A-4414-AFF4-9313E1279FDF}.Debug|Any CPU.ActiveCfg = Debug|Any CPU
		{CCD380E0-093A-4414-AFF4-9313E1279FDF}.Debug|Any CPU.Build.0 = Debug|Any CPU
		{CCD380E0-093A-4414-AFF4-9313E1279FDF}.Release|Any CPU.ActiveCfg = Release|Any CPU
		{CCD380E0-093A-4414-AFF4-9313E1279FDF}.Release|Any CPU.Build.0 = Release|Any CPU
		{75D772ED-0312-4C59-852F-71079F328F7F}.Debug|Any CPU.ActiveCfg = Debug|Any CPU
		{75D772ED-0312-4C59-852F-71079F328F7F}.Debug|Any CPU.Build.0 = Debug|Any CPU
		{75D772ED-0312-4C59-852F-71079F328F7F}.Release|Any CPU.ActiveCfg = Release|Any CPU
		{75D772ED-0312-4C59-852F-71079F328F7F}.Release|Any CPU.Build.0 = Release|Any CPU
	EndGlobalSection
	GlobalSection(SolutionProperties) = preSolution
		HideSolutionNode = FALSE
	EndGlobalSection
EndGlobal
